
Microsoft Visual Studio Solution File, Format Version 12.00
# Visual Studio 15
VisualStudioVersion = 15.0.27428.2027
MinimumVisualStudioVersion = 10.0.40219.1
Project("{FAE04EC0-301F-11D3-BF4B-00C04F79EFBC}") = "Sample2", "Sample2\Sample2.csproj", "{802C35F5-FA85-4258-AF43-A6FCFCE2D8B7}"
EndProject
Global
	GlobalSection(SolutionConfigurationPlatforms) = preSolution
		Debug|Any CPU = Debug|Any CPU
		Release|Any CPU = Release|Any CPU
	EndGlobalSection
	GlobalSection(ProjectConfigurationPlatforms) = postSolution
		{802C35F5-FA85-4258-AF43-A6FCFCE2D8B7}.Debug|Any CPU.ActiveCfg = Debug|Any CPU
		{802C35F5-FA85-4258-AF43-A6FCFCE2D8B7}.Debug|Any CPU.Build.0 = Debug|Any CPU
		{802C35F5-FA85-4258-AF43-A6FCFCE2D8B7}.Release|Any CPU.ActiveCfg = Release|Any CPU
		{802C35F5-FA85-4258-AF43-A6FCFCE2D8B7}.Release|Any CPU.Build.0 = Release|Any CPU
	EndGlobalSection
	GlobalSection(SolutionProperties) = preSolution
		HideSolutionNode = FALSE
	EndGlobalSection
	GlobalSection(ExtensibilityGlobals) = postSolution
		SolutionGuid = {C93C3DE0-26CC-4E27-8B4D-2BEFA5D82278}
	EndGlobalSection
EndGlobal
